
Microsoft Visual Studio Solution File, Format Version 12.00
# Visual Studio Version 16
VisualStudioVersion = 16.0.29418.71
MinimumVisualStudioVersion = 10.0.40219.1
Project("{9A19103F-16F7-4668-BE54-9A1E7A4F7556}") = "BUILDLet.Standard.Diagnostics", "BUILDLet.Standard.Diagnostics\BUILDLet.Standard.Diagnostics.csproj", "{74825A54-0189-4930-B9CE-19004DE2DBD2}"
EndProject
Project("{9A19103F-16F7-4668-BE54-9A1E7A4F7556}") = "BUILDLet.Standard.DiagnosticsTests", "BUILDLet.Standard.DiagnosticsTests\BUILDLet.Standard.DiagnosticsTests.csproj", "{425C0428-05E9-4D9A-B960-E37F44F7283B}"
EndProject
Project("{7CF6DF6D-3B04-46F8-A40B-537D21BCA0B4}") = "BUILDLet.Standard.Diagnostics.Documentation", "BUILDLet.Standard.Diagnostics.Documentation\BUILDLet.Standard.Diagnostics.Documentation.shfbproj", "{7BD80EC6-3B39-46EB-85AF-507D7CB5A193}"
	ProjectSection(ProjectDependencies) = postProject
		{425C0428-05E9-4D9A-B960-E37F44F7283B} = {425C0428-05E9-4D9A-B960-E37F44F7283B}
		{74825A54-0189-4930-B9CE-19004DE2DBD2} = {74825A54-0189-4930-B9CE-19004DE2DBD2}
	EndProjectSection
EndProject
Global
	GlobalSection(SolutionConfigurationPlatforms) = preSolution
		Debug|Any CPU = Debug|Any CPU
		Release|Any CPU = Release|Any CPU
	EndGlobalSection
	GlobalSection(ProjectConfigurationPlatforms) = postSolution
		{74825A54-0189-4930-B9CE-19004DE2DBD2}.Debug|Any CPU.ActiveCfg = Debug|Any CPU
		{74825A54-0189-4930-B9CE-19004DE2DBD2}.Debug|Any CPU.Build.0 = Debug|Any CPU
		{74825A54-0189-4930-B9CE-19004DE2DBD2}.Release|Any CPU.ActiveCfg = Release|Any CPU
		{74825A54-0189-4930-B9CE-19004DE2DBD2}.Release|Any CPU.Build.0 = Release|Any CPU
		{425C0428-05E9-4D9A-B960-E37F44F7283B}.Debug|Any CPU.ActiveCfg = Debug|Any CPU
		{425C0428-05E9-4D9A-B960-E37F44F7283B}.Debug|Any CPU.Build.0 = Debug|Any CPU
		{425C0428-05E9-4D9A-B960-E37F44F7283B}.Release|Any CPU.ActiveCfg = Release|Any CPU
		{425C0428-05E9-4D9A-B960-E37F44F7283B}.Release|Any CPU.Build.0 = Release|Any CPU
		{7BD80EC6-3B39-46EB-85AF-507D7CB5A193}.Debug|Any CPU.ActiveCfg = Debug|Any CPU
		{7BD80EC6-3B39-46EB-85AF-507D7CB5A193}.Debug|Any CPU.Build.0 = Debug|Any CPU
		{7BD80EC6-3B39-46EB-85AF-507D7CB5A193}.Release|Any CPU.ActiveCfg = Release|Any CPU
		{7BD80EC6-3B39-46EB-85AF-507D7CB5A193}.Release|Any CPU.Build.0 = Release|Any CPU
	EndGlobalSection
	GlobalSection(SolutionProperties) = preSolution
		HideSolutionNode = FALSE
	EndGlobalSection
	GlobalSection(ExtensibilityGlobals) = postSolution
		SolutionGuid = {7E1BB63F-50DB-4C55-ACF4-C230D9F24260}
	EndGlobalSection
EndGlobal
